// !$*UTF8*$!
{
	archiveVersion = 1;
	classes = {
	};
	objectVersion = 50;
	objects = {

/* Begin PBXBuildFile section */
		CE2D71EA24E22B660094A29F /* AppDelegate.swift in Sources */ = {isa = PBXBuildFile; fileRef = CE2D71E924E22B660094A29F /* AppDelegate.swift */; };
		CE2D71EC24E22B660094A29F /* SceneDelegate.swift in Sources */ = {isa = PBXBuildFile; fileRef = CE2D71EB24E22B660094A29F /* SceneDelegate.swift */; };
		CE2D71EE24E22B660094A29F /* ContentView.swift in Sources */ = {isa = PBXBuildFile; fileRef = CE2D71ED24E22B660094A29F /* ContentView.swift */; };
		CE2D71F024E22B6D0094A29F /* Assets.xcassets in Resources */ = {isa = PBXBuildFile; fileRef = CE2D71EF24E22B6D0094A29F /* Assets.xcassets */; };
		CE2D71F324E22B6D0094A29F /* Preview Assets.xcassets in Resources */ = {isa = PBXBuildFile; fileRef = CE2D71F224E22B6D0094A29F /* Preview Assets.xcassets */; };
		CE2D71F624E22B6D0094A29F /* LaunchScreen.storyboard in Resources */ = {isa = PBXBuildFile; fileRef = CE2D71F424E22B6D0094A29F /* LaunchScreen.storyboard */; };
		CE2D720424E237C40094A29F /* SidewalkSurfaceTypeClassifier.swift in Sources */ = {isa = PBXBuildFile; fileRef = CE2D720324E237C40094A29F /* SidewalkSurfaceTypeClassifier.swift */; };
		CE2D720624E23BC70094A29F /* SensorLogger.swift in Sources */ = {isa = PBXBuildFile; fileRef = CE2D720524E23BC70094A29F /* SensorLogger.swift */; };
		CE869D0624E2824800E97707 /* model_meta_2.png in Resources */ = {isa = PBXBuildFile; fileRef = CE869D0424E2824800E97707 /* model_meta_2.png */; };
		CE869D0724E2824800E97707 /* model_meta_1.png in Resources */ = {isa = PBXBuildFile; fileRef = CE869D0524E2824800E97707 /* model_meta_1.png */; };
		CEEF7EAA24E25C65004437FC /* SidewalkSurfaceTypeModel.mlmodel in Sources */ = {isa = PBXBuildFile; fileRef = CEEF7EA924E25C65004437FC /* SidewalkSurfaceTypeModel.mlmodel */; };
/* End PBXBuildFile section */

/* Begin PBXFileReference section */
		CE2D71E624E22B660094A29F /* SidewalkSurfaceTypeClassification.app */ = {isa = PBXFileReference; explicitFileType = wrapper.application; includeInIndex = 0; path = SidewalkSurfaceTypeClassification.app; sourceTree = BUILT_PRODUCTS_DIR; };
		CE2D71E924E22B660094A29F /* AppDelegate.swift */ = {isa = PBXFileReference; lastKnownFileType = sourcecode.swift; path = AppDelegate.swift; sourceTree = "<group>"; };
		CE2D71EB24E22B660094A29F /* SceneDelegate.swift */ = {isa = PBXFileReference; lastKnownFileType = sourcecode.swift; path = SceneDelegate.swift; sourceTree = "<group>"; };
		CE2D71ED24E22B660094A29F /* ContentView.swift */ = {isa = PBXFileReference; lastKnownFileType = sourcecode.swift; path = ContentView.swift; sourceTree = "<group>"; };
		CE2D71EF24E22B6D0094A29F /* Assets.xcassets */ = {isa = PBXFileReference; lastKnownFileType = folder.assetcatalog; path = Assets.xcassets; sourceTree = "<group>"; };
		CE2D71F224E22B6D0094A29F /* Preview Assets.xcassets */ = {isa = PBXFileReference; lastKnownFileType = folder.assetcatalog; path = "Preview Assets.xcassets"; sourceTree = "<group>"; };
		CE2D71F524E22B6D0094A29F /* Base */ = {isa = PBXFileReference; lastKnownFileType = file.storyboard; name = Base; path = Base.lproj/LaunchScreen.storyboard; sourceTree = "<group>"; };
		CE2D71F724E22B6D0094A29F /* Info.plist */ = {isa = PBXFileReference; lastKnownFileType = text.plist.xml; path = Info.plist; sourceTree = "<group>"; };
		CE2D720324E237C40094A29F /* SidewalkSurfaceTypeClassifier.swift */ = {isa = PBXFileReference; lastKnownFileType = sourcecode.swift; path = SidewalkSurfaceTypeClassifier.swift; sourceTree = "<group>"; };
		CE2D720524E23BC70094A29F /* SensorLogger.swift */ = {isa = PBXFileReference; lastKnownFileType = sourcecode.swift; path = SensorLogger.swift; sourceTree = "<group>"; };
		CE869D0224E27B8100E97707 /* README.md */ = {isa = PBXFileReference; lastKnownFileType = net.daringfireball.markdown; path = README.md; sourceTree = "<group>"; };
		CE869D0424E2824800E97707 /* model_meta_2.png */ = {isa = PBXFileReference; lastKnownFileType = image.png; path = model_meta_2.png; sourceTree = "<group>"; };
		CE869D0524E2824800E97707 /* model_meta_1.png */ = {isa = PBXFileReference; lastKnownFileType = image.png; path = model_meta_1.png; sourceTree = "<group>"; };
		CEEF7EA924E25C65004437FC /* SidewalkSurfaceTypeModel.mlmodel */ = {isa = PBXFileReference; lastKnownFileType = file.mlmodel; path = SidewalkSurfaceTypeModel.mlmodel; sourceTree = "<group>"; };
/* End PBXFileReference section */

/* Begin PBXFrameworksBuildPhase section */
		CE2D71E324E22B660094A29F /* Frameworks */ = {
			isa = PBXFrameworksBuildPhase;
			buildActionMask = 2147483647;
			files = (
			);
			runOnlyForDeploymentPostprocessing = 0;
		};
/* End PBXFrameworksBuildPhase section */

/* Begin PBXGroup section */
		CE2D71DD24E22B660094A29F = {
			isa = PBXGroup;
			children = (
				CE869D0324E2821000E97707 /* materials */,
				CE869D0224E27B8100E97707 /* README.md */,
				CE2D71E824E22B660094A29F /* SidewalkSurfaceTypeClassification */,
				CE2D71E724E22B660094A29F /* Products */,
			);
			sourceTree = "<group>";
		};
		CE2D71E724E22B660094A29F /* Products */ = {
			isa = PBXGroup;
			children = (
				CE2D71E624E22B660094A29F /* SidewalkSurfaceTypeClassification.app */,
			);
			name = Products;
			sourceTree = "<group>";
		};
		CE2D71E824E22B660094A29F /* SidewalkSurfaceTypeClassification */ = {
			isa = PBXGroup;
			children = (
				CEEF7EA924E25C65004437FC /* SidewalkSurfaceTypeModel.mlmodel */,
				CE2D71E924E22B660094A29F /* AppDelegate.swift */,
				CE2D71EB24E22B660094A29F /* SceneDelegate.swift */,
				CE2D71ED24E22B660094A29F /* ContentView.swift */,
				CE2D71EF24E22B6D0094A29F /* Assets.xcassets */,
				CE2D71F424E22B6D0094A29F /* LaunchScreen.storyboard */,
				CE2D71F724E22B6D0094A29F /* Info.plist */,
				CE2D71F124E22B6D0094A29F /* Preview Content */,
				CE2D720324E237C40094A29F /* SidewalkSurfaceTypeClassifier.swift */,
				CE2D720524E23BC70094A29F /* SensorLogger.swift */,
			);
			path = SidewalkSurfaceTypeClassification;
			sourceTree = "<group>";
		};
		CE2D71F124E22B6D0094A29F /* Preview Content */ = {
			isa = PBXGroup;
			children = (
				CE2D71F224E22B6D0094A29F /* Preview Assets.xcassets */,
			);
			path = "Preview Content";
			sourceTree = "<group>";
		};
		CE869D0324E2821000E97707 /* materials */ = {
			isa = PBXGroup;
			children = (
				CE869D0524E2824800E97707 /* model_meta_1.png */,
				CE869D0424E2824800E97707 /* model_meta_2.png */,
			);
			path = materials;
			sourceTree = "<group>";
		};
/* End PBXGroup section */

/* Begin PBXNativeTarget section */
		CE2D71E524E22B660094A29F /* SidewalkSurfaceTypeClassification */ = {
			isa = PBXNativeTarget;
			buildConfigurationList = CE2D71FA24E22B6D0094A29F /* Build configuration list for PBXNativeTarget "SidewalkSurfaceTypeClassification" */;
			buildPhases = (
				CE2D71E224E22B660094A29F /* Sources */,
				CE2D71E324E22B660094A29F /* Frameworks */,
				CE2D71E424E22B660094A29F /* Resources */,
			);
			buildRules = (
			);
			dependencies = (
			);
			name = SidewalkSurfaceTypeClassification;
			productName = SidewalkSurfaceTypeClassification;
			productReference = CE2D71E624E22B660094A29F /* SidewalkSurfaceTypeClassification.app */;
			productType = "com.apple.product-type.application";
		};
/* End PBXNativeTarget section */

/* Begin PBXProject section */
		CE2D71DE24E22B660094A29F /* Project object */ = {
			isa = PBXProject;
			attributes = {
				LastSwiftUpdateCheck = 1160;
				LastUpgradeCheck = 1160;
				ORGANIZATIONNAME = Satoshi;
				TargetAttributes = {
					CE2D71E524E22B660094A29F = {
						CreatedOnToolsVersion = 11.6;
					};
				};
			};
			buildConfigurationList = CE2D71E124E22B660094A29F /* Build configuration list for PBXProject "SidewalkSurfaceTypeClassification" */;
			compatibilityVersion = "Xcode 9.3";
			developmentRegion = en;
			hasScannedForEncodings = 0;
			knownRegions = (
				en,
				Base,
			);
			mainGroup = CE2D71DD24E22B660094A29F;
			productRefGroup = CE2D71E724E22B660094A29F /* Products */;
			projectDirPath = "";
			projectRoot = "";
			targets = (
				CE2D71E524E22B660094A29F /* SidewalkSurfaceTypeClassification */,
			);
		};
/* End PBXProject section */

/* Begin PBXResourcesBuildPhase section */
		CE2D71E424E22B660094A29F /* Resources */ = {
			isa = PBXResourcesBuildPhase;
			buildActionMask = 2147483647;
			files = (
				CE2D71F624E22B6D0094A29F /* LaunchScreen.storyboard in Resources */,
				CE2D71F324E22B6D0094A29F /* Preview Assets.xcassets in Resources */,
				CE2D71F024E22B6D0094A29F /* Assets.xcassets in Resources */,
				CE869D0624E2824800E97707 /* model_meta_2.png in Resources */,
				CE869D0724E2824800E97707 /* model_meta_1.png in Resources */,
			);
			runOnlyForDeploymentPostprocessing = 0;
		};
/* End PBXResourcesBuildPhase section */

/* Begin PBXSourcesBuildPhase section */
		CE2D71E224E22B660094A29F /* Sources */ = {
			isa = PBXSourcesBuildPhase;
			buildActionMask = 2147483647;
			files = (
				CE2D71EA24E22B660094A29F /* AppDelegate.swift in Sources */,
				CE2D720424E237C40094A29F /* SidewalkSurfaceTypeClassifier.swift in Sources */,
				CEEF7EAA24E25C65004437FC /* SidewalkSurfaceTypeModel.mlmodel in Sources */,
				CE2D720624E23BC70094A29F /* SensorLogger.swift in Sources */,
				CE2D71EC24E22B660094A29F /* SceneDelegate.swift in Sources */,
				CE2D71EE24E22B660094A29F /* ContentView.swift in Sources */,
			);
			runOnlyForDeploymentPostprocessing = 0;
		};
/* End PBXSourcesBuildPhase section */

/* Begin PBXVariantGroup section */
		CE2D71F424E22B6D0094A29F /* LaunchScreen.storyboard */ = {
			isa = PBXVariantGroup;
			children = (
				CE2D71F524E22B6D0094A29F /* Base */,
			);
			name = LaunchScreen.storyboard;
			sourceTree = "<group>";
		};
/* End PBXVariantGroup section */

/* Begin XCBuildConfiguration section */
		CE2D71F824E22B6D0094A29F /* Debug */ = {
			isa = XCBuildConfiguration;
			buildSettings = {
				ALWAYS_SEARCH_USER_PATHS = NO;
				CLANG_ANALYZER_NONNULL = YES;
				CLANG_ANALYZER_NUMBER_OBJECT_CONVERSION = YES_AGGRESSIVE;
				CLANG_CXX_LANGUAGE_STANDARD = "gnu++14";
				CLANG_CXX_LIBRARY = "libc++";
				CLANG_ENABLE_MODULES = YES;
				CLANG_ENABLE_OBJC_ARC = YES;
				CLANG_ENABLE_OBJC_WEAK = YES;
				CLANG_WARN_BLOCK_CAPTURE_AUTORELEASING = YES;
				CLANG_WARN_BOOL_CONVERSION = YES;
				CLANG_WARN_COMMA = YES;
				CLANG_WARN_CONSTANT_CONVERSION = YES;
				CLANG_WARN_DEPRECATED_OBJC_IMPLEMENTATIONS = YES;
				CLANG_WARN_DIRECT_OBJC_ISA_USAGE = YES_ERROR;
				CLANG_WARN_DOCUMENTATION_COMMENTS = YES;
				CLANG_WARN_EMPTY_BODY = YES;
				CLANG_WARN_ENUM_CONVERSION = YES;
				CLANG_WARN_INFINITE_RECURSION = YES;
				CLANG_WARN_INT_CONVERSION = YES;
				CLANG_WARN_NON_LITERAL_NULL_CONVERSION = YES;
				CLANG_WARN_OBJC_IMPLICIT_RETAIN_SELF = YES;
				CLANG_WARN_OBJC_LITERAL_CONVERSION = YES;
				CLANG_WARN_OBJC_ROOT_CLASS = YES_ERROR;
				CLANG_WARN_RANGE_LOOP_ANALYSIS = YES;
				CLANG_WARN_STRICT_PROTOTYPES = YES;
				CLANG_WARN_SUSPICIOUS_MOVE = YES;
				CLANG_WARN_UNGUARDED_AVAILABILITY = YES_AGGRESSIVE;
				CLANG_WARN_UNREACHABLE_CODE = YES;
				CLANG_WARN__DUPLICATE_METHOD_MATCH = YES;
				COPY_PHASE_STRIP = NO;
				DEBUG_INFORMATION_FORMAT = dwarf;
				ENABLE_STRICT_OBJC_MSGSEND = YES;
				ENABLE_TESTABILITY = YES;
				GCC_C_LANGUAGE_STANDARD = gnu11;
				GCC_DYNAMIC_NO_PIC = NO;
				GCC_NO_COMMON_BLOCKS = YES;
				GCC_OPTIMIZATION_LEVEL = 0;
				GCC_PREPROCESSOR_DEFINITIONS = (
					"DEBUG=1",
					"$(inherited)",
				);
				GCC_WARN_64_TO_32_BIT_CONVERSION = YES;
				GCC_WARN_ABOUT_RETURN_TYPE = YES_ERROR;
				GCC_WARN_UNDECLARED_SELECTOR = YES;
				GCC_WARN_UNINITIALIZED_AUTOS = YES_AGGRESSIVE;
				GCC_WARN_UNUSED_FUNCTION = YES;
				GCC_WARN_UNUSED_VARIABLE = YES;
				IPHONEOS_DEPLOYMENT_TARGET = 13.6;
				MTL_ENABLE_DEBUG_INFO = INCLUDE_SOURCE;
				MTL_FAST_MATH = YES;
				ONLY_ACTIVE_ARCH = YES;
				SDKROOT = iphoneos;
				SWIFT_ACTIVE_COMPILATION_CONDITIONS = DEBUG;
				SWIFT_OPTIMIZATION_LEVEL = "-Onone";
			};
			name = Debug;
		};
		CE2D71F924E22B6D0094A29F /* Release */ = {
			isa = XCBuildConfiguration;
			buildSettings = {
				ALWAYS_SEARCH_USER_PATHS = NO;
				CLANG_ANALYZER_NONNULL = YES;
				CLANG_ANALYZER_NUMBER_OBJECT_CONVERSION = YES_AGGRESSIVE;
				CLANG_CXX_LANGUAGE_STANDARD = "gnu++14";
				CLANG_CXX_LIBRARY = "libc++";
				CLANG_ENABLE_MODULES = YES;
				CLANG_ENABLE_OBJC_ARC = YES;
				CLANG_ENABLE_OBJC_WEAK = YES;
				CLANG_WARN_BLOCK_CAPTURE_AUTORELEASING = YES;
				CLANG_WARN_BOOL_CONVERSION = YES;
				CLANG_WARN_COMMA = YES;
				CLANG_WARN_CONSTANT_CONVERSION = YES;
				CLANG_WARN_DEPRECATED_OBJC_IMPLEMENTATIONS = YES;
				CLANG_WARN_DIRECT_OBJC_ISA_USAGE = YES_ERROR;
				CLANG_WARN_DOCUMENTATION_COMMENTS = YES;
				CLANG_WARN_EMPTY_BODY = YES;
				CLANG_WARN_ENUM_CONVERSION = YES;
				CLANG_WARN_INFINITE_RECURSION = YES;
				CLANG_WARN_INT_CONVERSION = YES;
				CLANG_WARN_NON_LITERAL_NULL_CONVERSION = YES;
				CLANG_WARN_OBJC_IMPLICIT_RETAIN_SELF = YES;
				CLANG_WARN_OBJC_LITERAL_CONVERSION = YES;
				CLANG_WARN_OBJC_ROOT_CLASS = YES_ERROR;
				CLANG_WARN_RANGE_LOOP_ANALYSIS = YES;
				CLANG_WARN_STRICT_PROTOTYPES = YES;
				CLANG_WARN_SUSPICIOUS_MOVE = YES;
				CLANG_WARN_UNGUARDED_AVAILABILITY = YES_AGGRESSIVE;
				CLANG_WARN_UNREACHABLE_CODE = YES;
				CLANG_WARN__DUPLICATE_METHOD_MATCH = YES;
				COPY_PHASE_STRIP = NO;
				DEBUG_INFORMATION_FORMAT = "dwarf-with-dsym";
				ENABLE_NS_ASSERTIONS = NO;
				ENABLE_STRICT_OBJC_MSGSEND = YES;
				GCC_C_LANGUAGE_STANDARD = gnu11;
				GCC_NO_COMMON_BLOCKS = YES;
				GCC_WARN_64_TO_32_BIT_CONVERSION = YES;
				GCC_WARN_ABOUT_RETURN_TYPE = YES_ERROR;
				GCC_WARN_UNDECLARED_SELECTOR = YES;
				GCC_WARN_UNINITIALIZED_AUTOS = YES_AGGRESSIVE;
				GCC_WARN_UNUSED_FUNCTION = YES;
				GCC_WARN_UNUSED_VARIABLE = YES;
				IPHONEOS_DEPLOYMENT_TARGET = 13.6;
				MTL_ENABLE_DEBUG_INFO = NO;
				MTL_FAST_MATH = YES;
				SDKROOT = iphoneos;
				SWIFT_COMPILATION_MODE = wholemodule;
				SWIFT_OPTIMIZATION_LEVEL = "-O";
				VALIDATE_PRODUCT = YES;
			};
			name = Release;
		};
		CE2D71FB24E22B6D0094A29F /* Debug */ = {
			isa = XCBuildConfiguration;
			buildSettings = {
				ASSETCATALOG_COMPILER_APPICON_NAME = AppIcon;
				CODE_SIGN_STYLE = Automatic;
				DEVELOPMENT_ASSET_PATHS = "\"SidewalkSurfaceTypeClassification/Preview Content\"";
				DEVELOPMENT_TEAM = WHBF4Z49B6;
				ENABLE_PREVIEWS = YES;
				INFOPLIST_FILE = SidewalkSurfaceTypeClassification/Info.plist;
				LD_RUNPATH_SEARCH_PATHS = (
					"$(inherited)",
					"@executable_path/Frameworks",
				);
				PRODUCT_BUNDLE_IDENTIFIER = com.Xer.SidewalkSurfaceTypeClassification;
				PRODUCT_NAME = "$(TARGET_NAME)";
				SWIFT_VERSION = 5.0;
				TARGETED_DEVICE_FAMILY = "1,2";
			};
			name = Debug;
		};
		CE2D71FC24E22B6D0094A29F /* Release */ = {
			isa = XCBuildConfiguration;
			buildSettings = {
				ASSETCATALOG_COMPILER_APPICON_NAME = AppIcon;
				CODE_SIGN_STYLE = Automatic;
				DEVELOPMENT_ASSET_PATHS = "\"SidewalkSurfaceTypeClassification/Preview Content\"";
				DEVELOPMENT_TEAM = WHBF4Z49B6;
				ENABLE_PREVIEWS = YES;
				INFOPLIST_FILE = SidewalkSurfaceTypeClassification/Info.plist;
				LD_RUNPATH_SEARCH_PATHS = (
					"$(inherited)",
					"@executable_path/Frameworks",
				);
				PRODUCT_BUNDLE_IDENTIFIER = com.Xer.SidewalkSurfaceTypeClassification;
				PRODUCT_NAME = "$(TARGET_NAME)";
				SWIFT_VERSION = 5.0;
				TARGETED_DEVICE_FAMILY = "1,2";
			};
			name = Release;
		};
/* End XCBuildConfiguration section */

/* Begin XCConfigurationList section */
		CE2D71E124E22B660094A29F /* Build configuration list for PBXProject "SidewalkSurfaceTypeClassification" */ = {
			isa = XCConfigurationList;
			buildConfigurations = (
				CE2D71F824E22B6D0094A29F /* Debug */,
				CE2D71F924E22B6D0094A29F /* Release */,
			);
			defaultConfigurationIsVisible = 0;
			defaultConfigurationName = Release;
		};
		CE2D71FA24E22B6D0094A29F /* Build configuration list for PBXNativeTarget "SidewalkSurfaceTypeClassification" */ = {
			isa = XCConfigurationList;
			buildConfigurations = (
				CE2D71FB24E22B6D0094A29F /* Debug */,
				CE2D71FC24E22B6D0094A29F /* Release */,
			);
			defaultConfigurationIsVisible = 0;
			defaultConfigurationName = Release;
		};
/* End XCConfigurationList section */
	};
	rootObject = CE2D71DE24E22B660094A29F /* Project object */;
}
